
Microsoft Visual Studio Solution File, Format Version 12.00
# Visual Studio Version 17
VisualStudioVersion = 17.1.32210.238
MinimumVisualStudioVersion = 10.0.40219.1
Project("{9A19103F-16F7-4668-BE54-9A1E7A4F7556}") = "Socnet", "Socnet.csproj", "{028BF2D2-2B42-422B-8B0E-D1890BE7B636}"
EndProject
Global
	GlobalSection(SolutionConfigurationPlatforms) = preSolution
		Debug|Any CPU = Debug|Any CPU
		Release|Any CPU = Release|Any CPU
	EndGlobalSection
	GlobalSection(ProjectConfigurationPlatforms) = postSolution
		{028BF2D2-2B42-422B-8B0E-D1890BE7B636}.Debug|Any CPU.ActiveCfg = Debug|Any CPU
		{028BF2D2-2B42-422B-8B0E-D1890BE7B636}.Debug|Any CPU.Build.0 = Debug|Any CPU
		{028BF2D2-2B42-422B-8B0E-D1890BE7B636}.Release|Any CPU.ActiveCfg = Release|Any CPU
		{028BF2D2-2B42-422B-8B0E-D1890BE7B636}.Release|Any CPU.Build.0 = Release|Any CPU
	EndGlobalSection
	GlobalSection(SolutionProperties) = preSolution
		HideSolutionNode = FALSE
	EndGlobalSection
	GlobalSection(ExtensibilityGlobals) = postSolution
		SolutionGuid = {0E63570E-4628-42D2-9654-6F7FEBD24159}
	EndGlobalSection
EndGlobal
