
Microsoft Visual Studio Solution File, Format Version 12.00
# Visual Studio Version 17
VisualStudioVersion = 17.0.31903.59
MinimumVisualStudioVersion = 10.0.40219.1
Project("{FAE04EC0-301F-11D3-BF4B-00C04F79EFBC}") = "Socnet.Core", "Socnet.Core\Socnet.Core.csproj", "{8AE409EA-B125-4578-AAED-84AEC600FD93}"
EndProject
Project("{FAE04EC0-301F-11D3-BF4B-00C04F79EFBC}") = "Socnet.CLIconsole", "Socnet.CLIconsole\Socnet.CLIconsole.csproj", "{B537C920-E237-43D3-A13E-97D34D2357EF}"
EndProject
Project("{FAE04EC0-301F-11D3-BF4B-00C04F79EFBC}") = "Socnet.Tests", "Socnet.Tests\Socnet.Tests.csproj", "{0E78486F-A60A-444D-91B3-2F32DB868E42}"
EndProject
Global
	GlobalSection(SolutionConfigurationPlatforms) = preSolution
		Debug|Any CPU = Debug|Any CPU
		Debug|x64 = Debug|x64
		Debug|x86 = Debug|x86
		Release|Any CPU = Release|Any CPU
		Release|x64 = Release|x64
		Release|x86 = Release|x86
	EndGlobalSection
	GlobalSection(ProjectConfigurationPlatforms) = postSolution
		{8AE409EA-B125-4578-AAED-84AEC600FD93}.Debug|Any CPU.ActiveCfg = Debug|Any CPU
		{8AE409EA-B125-4578-AAED-84AEC600FD93}.Debug|Any CPU.Build.0 = Debug|Any CPU
		{8AE409EA-B125-4578-AAED-84AEC600FD93}.Debug|x64.ActiveCfg = Debug|Any CPU
		{8AE409EA-B125-4578-AAED-84AEC600FD93}.Debug|x64.Build.0 = Debug|Any CPU
		{8AE409EA-B125-4578-AAED-84AEC600FD93}.Debug|x86.ActiveCfg = Debug|Any CPU
		{8AE409EA-B125-4578-AAED-84AEC600FD93}.Debug|x86.Build.0 = Debug|Any CPU
		{8AE409EA-B125-4578-AAED-84AEC600FD93}.Release|Any CPU.ActiveCfg = Release|Any CPU
		{8AE409EA-B125-4578-AAED-84AEC600FD93}.Release|Any CPU.Build.0 = Release|Any CPU
		{8AE409EA-B125-4578-AAED-84AEC600FD93}.Release|x64.ActiveCfg = Release|Any CPU
		{8AE409EA-B125-4578-AAED-84AEC600FD93}.Release|x64.Build.0 = Release|Any CPU
		{8AE409EA-B125-4578-AAED-84AEC600FD93}.Release|x86.ActiveCfg = Release|Any CPU
		{8AE409EA-B125-4578-AAED-84AEC600FD93}.Release|x86.Build.0 = Release|Any CPU
		{B537C920-E237-43D3-A13E-97D34D2357EF}.Debug|Any CPU.ActiveCfg = Debug|Any CPU
		{B537C920-E237-43D3-A13E-97D34D2357EF}.Debug|Any CPU.Build.0 = Debug|Any CPU
		{B537C920-E237-43D3-A13E-97D34D2357EF}.Debug|x64.ActiveCfg = Debug|Any CPU
		{B537C920-E237-43D3-A13E-97D34D2357EF}.Debug|x64.Build.0 = Debug|Any CPU
		{B537C920-E237-43D3-A13E-97D34D2357EF}.Debug|x86.ActiveCfg = Debug|Any CPU
		{B537C920-E237-43D3-A13E-97D34D2357EF}.Debug|x86.Build.0 = Debug|Any CPU
		{B537C920-E237-43D3-A13E-97D34D2357EF}.Release|Any CPU.ActiveCfg = Release|Any CPU
		{B537C920-E237-43D3-A13E-97D34D2357EF}.Release|Any CPU.Build.0 = Release|Any CPU
		{B537C920-E237-43D3-A13E-97D34D2357EF}.Release|x64.ActiveCfg = Release|Any CPU
		{B537C920-E237-43D3-A13E-97D34D2357EF}.Release|x64.Build.0 = Release|Any CPU
		{B537C920-E237-43D3-A13E-97D34D2357EF}.Release|x86.ActiveCfg = Release|Any CPU
		{B537C920-E237-43D3-A13E-97D34D2357EF}.Release|x86.Build.0 = Release|Any CPU
		{0E78486F-A60A-444D-91B3-2F32DB868E42}.Debug|Any CPU.ActiveCfg = Debug|Any CPU
		{0E78486F-A60A-444D-91B3-2F32DB868E42}.Debug|Any CPU.Build.0 = Debug|Any CPU
		{0E78486F-A60A-444D-91B3-2F32DB868E42}.Debug|x64.ActiveCfg = Debug|Any CPU
		{0E78486F-A60A-444D-91B3-2F32DB868E42}.Debug|x64.Build.0 = Debug|Any CPU
		{0E78486F-A60A-444D-91B3-2F32DB868E42}.Debug|x86.ActiveCfg = Debug|Any CPU
		{0E78486F-A60A-444D-91B3-2F32DB868E42}.Debug|x86.Build.0 = Debug|Any CPU
		{0E78486F-A60A-444D-91B3-2F32DB868E42}.Release|Any CPU.ActiveCfg = Release|Any CPU
		{0E78486F-A60A-444D-91B3-2F32DB868E42}.Release|Any CPU.Build.0 = Release|Any CPU
		{0E78486F-A60A-444D-91B3-2F32DB868E42}.Release|x64.ActiveCfg = Release|Any CPU
		{0E78486F-A60A-444D-91B3-2F32DB868E42}.Release|x64.Build.0 = Release|Any CPU
		{0E78486F-A60A-444D-91B3-2F32DB868E42}.Release|x86.ActiveCfg = Release|Any CPU
		{0E78486F-A60A-444D-91B3-2F32DB868E42}.Release|x86.Build.0 = Release|Any CPU
	EndGlobalSection
	GlobalSection(SolutionProperties) = preSolution
		HideSolutionNode = FALSE
	EndGlobalSection
EndGlobal
